%{
  "crontab": {:hex, :crontab, "1.2.0", "503611820257939d5d0fd272eb2b454f48a470435a809479ddc2c40bb515495c", [:mix], [{:ecto, "~> 1.0 or ~> 2.0 or ~> 3.0", [hex: :ecto, repo: "hexpm", optional: true]}], "hexpm", "ebd7ef4d831e1b20fa4700f0de0284a04cac4347e813337978e25b4cc5cc2207"},
  "finch": {:hex, :finch, "0.23.0", "e3f9287ac25a8832f848b144c2b57346aac65b205e2e0629a52adfe6507fd837", [:mix], [{:mime, "~> 1.0 or ~> 2.0", [hex: :mime, repo: "hexpm", optional: false]}, {:mint, "~> 1.8", [hex: :mint, repo: "hexpm", optional: false]}, {:nimble_options, "~> 0.4 or ~> 1.0", [hex: :nimble_options, repo: "hexpm", optional: false]}, {:nimble_pool, "~> 1.1", [hex: :nimble_pool, repo: "hexpm", optional: false]}, {:telemetry, "~> 0.4 or ~> 1.0", [hex: :telemetry, repo: "hexpm", optional: false]}], "hexpm", "80e58d3f936f57e3fdf404f83a3642897ae6d9fb642934e46da4d8fe761b99d5"},
  "fuse": {:hex, :fuse, "2.5.0", "71afa90be21da4e64f94abba9d36472faa2d799c67fedc3bd1752a88ea4c4753", [:rebar3], [], "hexpm", "7f52a1c84571731ad3c91d569e03131cc220ebaa7e2a11034405f0bac46a4fef"},
  "hpax": {:hex, :hpax, "1.0.4", "777de5d433b0fbdc7c418159c8055910faa8047ffdb3d6b31098d2a46cd7685c", [:mix], [], "hexpm", "afc7cb142ebcc2d01ce7816190b98ce5dd49e799111b24249f3443d730f377ca"},
  "jason": {:hex, :jason, "1.4.5", "2e3a008590b0b8d7388c20293e9dcc9cf3e5d642fd2a114e4cbbb52e595d940a", [:mix], [{:decimal, "~> 1.0 or ~> 2.0 or ~> 3.0", [hex: :decimal, repo: "hexpm", optional: true]}], "hexpm", "b0c823996102bcd0239b3c2444eb00409b72f6a140c1950bc8b457d836b30684"},
  "jido": {:hex, :jido, "2.3.3", "ee4b61e0c08e073c1bda15fd937851a17a5f846fba767759f4772ad31a42d5df", [:mix], [{:crontab, "~> 1.2", [hex: :crontab, repo: "hexpm", optional: false]}, {:igniter, "~> 0.7", [hex: :igniter, repo: "hexpm", optional: true]}, {:jido_action, "~> 2.3", [hex: :jido_action, repo: "hexpm", optional: false]}, {:jido_signal, "~> 2.2", [hex: :jido_signal, repo: "hexpm", optional: false]}, {:nimble_options, "~> 1.1", [hex: :nimble_options, repo: "hexpm", optional: false]}, {:poolboy, "~> 1.5", [hex: :poolboy, repo: "hexpm", optional: false]}, {:splode, "~> 0.3.0", [hex: :splode, repo: "hexpm", optional: false]}, {:telemetry, "~> 1.3", [hex: :telemetry, repo: "hexpm", optional: false]}, {:telemetry_metrics, "~> 1.1", [hex: :telemetry_metrics, repo: "hexpm", optional: false]}, {:time_zone_info, "~> 0.7", [hex: :time_zone_info, repo: "hexpm", optional: false]}], "hexpm", "efed04440117d30c2d5bf75cc4feb9f41144862a6fb54c729c0add04590caaba"},
  "jido_action": {:hex, :jido_action, "2.3.2", "e52bc949db4dedff523850172555629b29ffaa11fec162e728d5b7e43e7235d5", [:mix], [{:igniter, "~> 0.7", [hex: :igniter, repo: "hexpm", optional: true]}, {:jason, "~> 1.4", [hex: :jason, repo: "hexpm", optional: false]}, {:lua, "~> 0.4 or ~> 1.0.0-rc", [hex: :lua, repo: "hexpm", optional: true]}, {:multigraph, "~> 0.16.1-mg.3", [hex: :multigraph, repo: "hexpm", optional: false]}, {:nimble_options, "~> 1.1", [hex: :nimble_options, repo: "hexpm", optional: false]}, {:req, "~> 0.7.2", [hex: :req, repo: "hexpm", optional: true]}, {:splode, "~> 0.3.0", [hex: :splode, repo: "hexpm", optional: false]}, {:telemetry, "~> 1.3", [hex: :telemetry, repo: "hexpm", optional: false]}, {:zoi, "~> 0.17", [hex: :zoi, repo: "hexpm", optional: false]}], "hexpm", "e6e222e5c8da489de36d637930628d56fb898b072a17cd467d27bf4f5ecb63e4"},
  "jido_signal": {:hex, :jido_signal, "2.2.2", "419a1c0f26e86cf53b73d37ffc6200bd534d7d98048606e36d5e9a19191bf987", [:mix], [{:fuse, "~> 2.5", [hex: :fuse, repo: "hexpm", optional: false]}, {:igniter, "~> 0.7", [hex: :igniter, repo: "hexpm", optional: true]}, {:jason, "~> 1.4", [hex: :jason, repo: "hexpm", optional: false]}, {:msgpax, "~> 2.3", [hex: :msgpax, repo: "hexpm", optional: true]}, {:nimble_options, "~> 1.1", [hex: :nimble_options, repo: "hexpm", optional: false]}, {:phoenix_pubsub, "~> 2.1", [hex: :phoenix_pubsub, repo: "hexpm", optional: true]}, {:splode, "~> 0.3.0", [hex: :splode, repo: "hexpm", optional: false]}, {:telemetry, "~> 1.3", [hex: :telemetry, repo: "hexpm", optional: false]}, {:zoi, "~> 0.18.1", [hex: :zoi, repo: "hexpm", optional: false]}], "hexpm", "60c35f022e6efd379b84a3f5c0af10b2ae5213f3d61c6211a299bc6dcc4be531"},
  "mime": {:hex, :mime, "2.0.7", "b8d739037be7cd402aee1ba0306edfdef982687ee7e9859bee6198c1e7e2f128", [:mix], [], "hexpm", "6171188e399ee16023ffc5b76ce445eb6d9672e2e241d2df6050f3c771e80ccd"},
  "mint": {:hex, :mint, "1.10.0", "85af3353bfc504f5bdfe494bd92b8490f87a306dc659ee1ad0af435107e898dc", [:mix], [{:castore, "~> 0.1.0 or ~> 1.0", [hex: :castore, repo: "hexpm", optional: true]}, {:hpax, "~> 0.1.1 or ~> 0.2.0 or ~> 1.0", [hex: :hpax, repo: "hexpm", optional: false]}], "hexpm", "8b16fb72aaa7531d206a1f05e4cc85509ba531ccec7a17a22736c9c95cbb24d1"},
  "multigraph": {:hex, :multigraph, "0.16.1-mg.4", "2bbe149f5411b0e3bf0624c7bf2e3da2738efeac2f9a67bbbcb807ab171f0a76", [:mix], [], "hexpm", "b9f3e2577cef4658eeedf97c76d22a86d33a7aab702a93c1da9c122e849e9037"},
  "nimble_options": {:hex, :nimble_options, "1.1.1", "e3a492d54d85fc3fd7c5baf411d9d2852922f66e69476317787a7b2bb000a61b", [:mix], [], "hexpm", "821b2470ca9442c4b6984882fe9bb0389371b8ddec4d45a9504f00a66f650b44"},
  "nimble_parsec": {:hex, :nimble_parsec, "1.4.2", "8efba0122db06df95bfaa78f791344a89352ba04baedd3849593bfce4d0dc1c6", [:mix], [], "hexpm", "4b21398942dda052b403bbe1da991ccd03a053668d147d53fb8c4e0efe09c973"},
  "nimble_pool": {:hex, :nimble_pool, "1.1.0", "bf9c29fbdcba3564a8b800d1eeb5a3c58f36e1e11d7b7fb2e084a643f645f06b", [:mix], [], "hexpm", "af2e4e6b34197db81f7aad230c1118eac993acc0dae6bc83bac0126d4ae0813a"},
  "poolboy": {:hex, :poolboy, "1.5.2", "392b007a1693a64540cead79830443abf5762f5d30cf50bc95cb2c1aaafa006b", [:rebar3], [], "hexpm", "dad79704ce5440f3d5a3681c8590b9dc25d1a561e8f5a9c995281012860901e3"},
  "req": {:hex, :req, "0.7.4", "23e9ffec17de032a46a4b15ed65c09793893bf4a7c680f4bbf6227fce6bdf74d", [:mix], [{:brotli, "~> 0.3.1", [hex: :brotli, repo: "hexpm", optional: true]}, {:finch, "~> 0.21", [hex: :finch, repo: "hexpm", optional: false]}, {:jason, "~> 1.0", [hex: :jason, repo: "hexpm", optional: false]}, {:mime, "~> 2.0.6 or ~> 2.1", [hex: :mime, repo: "hexpm", optional: false]}, {:nimble_csv, "~> 1.0", [hex: :nimble_csv, repo: "hexpm", optional: true]}, {:plug, "~> 1.0", [hex: :plug, repo: "hexpm", optional: true]}], "hexpm", "4b192d63253e8dcc6221ef992ea9ebef7d3555166e8423aa5b553e86bc3c69a2"},
  "splode": {:hex, :splode, "0.3.2", "7716b6b2260a98a6f018c65cc0393da2cdf17314202eb351a0956e8762190dff", [:mix], [], "hexpm", "08fd658f80da7f1cd254b149164dcff8acd44b22f032001d5416b97223d32bc9"},
  "telemetry": {:hex, :telemetry, "1.4.2", "a0cb522801dffb1c49fe6e30561badffc7b6d0e180db1300df759faa22062855", [:rebar3], [], "hexpm", "928f6495066506077862c0d1646609eed891a4326bee3126ba54b60af61febb1"},
  "telemetry_metrics": {:hex, :telemetry_metrics, "1.2.0", "7632c19c01d88d8aaca5da1a0e8912f5af39b79e7c08a2c253aeb3c14c2c957e", [:mix], [{:telemetry, "~> 0.4 or ~> 1.0", [hex: :telemetry, repo: "hexpm", optional: false]}], "hexpm", "71dde12fc29b58b9c77ec17ec319109e5ca848d010fc1965ed4463bba1837c07"},
  "time_zone_info": {:hex, :time_zone_info, "0.7.15", "0a20991d6dd728dab4e281f128cf99a312330eeb9313524d8d9ff117743bf0f4", [:mix], [{:castore, "~> 1.0", [hex: :castore, repo: "hexpm", optional: true]}, {:mint, "~> 1.0", [hex: :mint, repo: "hexpm", optional: true]}, {:nimble_parsec, "~> 1.3", [hex: :nimble_parsec, repo: "hexpm", optional: false]}], "hexpm", "c62f0a98e4ffd3e39848a429123681e55c79d1782396c0d2dd35fe27ce648b3c"},
  "zoi": {:hex, :zoi, "0.18.7", "0d6b09d19fd1feff4340b7c5660bab04fbc80c1642ee1e5c75f06d527ac326db", [:mix], [{:decimal, "~> 2.0 or ~> 3.0", [hex: :decimal, repo: "hexpm", optional: true]}, {:phoenix_html, "~> 2.14.2 or ~> 3.0 or ~> 4.1", [hex: :phoenix_html, repo: "hexpm", optional: true]}], "hexpm", "5fedddd755dec84a5e78b3671070a5e595026aa3479f7fa566a42b8c4e4e5ff2"},
}
